// !$*UTF8*$!
{
	archiveVersion = 1;
	classes = {
	};
	objectVersion = 56;
	objects = {

/* Begin PBXBuildFile section */
		A10000001 /* TrueCostAutoApp.swift in Sources */ = {isa = PBXBuildFile; fileRef = A20000001; };
		A10000002 /* ContentView.swift in Sources */ = {isa = PBXBuildFile; fileRef = A20000002; };
		A10000003 /* Assets.xcassets in Resources */ = {isa = PBXBuildFile; fileRef = A20000003; };
		A10000004 /* Vehicle.swift in Sources */ = {isa = PBXBuildFile; fileRef = A20000004; };
		A10000005 /* CalculationResult.swift in Sources */ = {isa = PBXBuildFile; fileRef = A20000005; };
		A10000006 /* CostCalculator.swift in Sources */ = {isa = PBXBuildFile; fileRef = A20000006; };
		A10000007 /* VehicleStore.swift in Sources */ = {isa = PBXBuildFile; fileRef = A20000007; };
		A10000008 /* VehicleInputView.swift in Sources */ = {isa = PBXBuildFile; fileRef = A20000008; };
		A10000009 /* PricingSection.swift in Sources */ = {isa = PBXBuildFile; fileRef = A20000009; };
		A10000010 /* LoanSection.swift in Sources */ = {isa = PBXBuildFile; fileRef = A20000010; };
		A10000011 /* RunningCostsSection.swift in Sources */ = {isa = PBXBuildFile; fileRef = A20000011; };
		A10000012 /* ResultsView.swift in Sources */ = {isa = PBXBuildFile; fileRef = A20000012; };
		A10000013 /* TrueCostHeroCard.swift in Sources */ = {isa = PBXBuildFile; fileRef = A20000013; };
		A10000014 /* BreakdownTile.swift in Sources */ = {isa = PBXBuildFile; fileRef = A20000014; };
		A10000015 /* CompareView.swift in Sources */ = {isa = PBXBuildFile; fileRef = A20000015; };
		A10000016 /* VehicleViewModel.swift in Sources */ = {isa = PBXBuildFile; fileRef = A20000016; };
		A10000017 /* CurrencyField.swift in Sources */ = {isa = PBXBuildFile; fileRef = A20000017; };
		A10000018 /* Theme.swift in Sources */ = {isa = PBXBuildFile; fileRef = A20000018; };
		A10000019 /* SavedVehiclesView.swift in Sources */ = {isa = PBXBuildFile; fileRef = A20000019; };
		A10000020 /* ShareCardView.swift in Sources */ = {isa = PBXBuildFile; fileRef = A20000020; };
		A10000021 /* SmartScoreView.swift in Sources */ = {isa = PBXBuildFile; fileRef = A20000021; };
		A10000022 /* ExtraPaymentView.swift in Sources */ = {isa = PBXBuildFile; fileRef = A20000022; };
		A10000023 /* OnboardingView.swift in Sources */ = {isa = PBXBuildFile; fileRef = A20000023; };
		A10000024 /* AppLogo.swift in Sources */ = {isa = PBXBuildFile; fileRef = A20000024; };
		A10000025 /* PrivacyInfo.xcprivacy in Resources */ = {isa = PBXBuildFile; fileRef = A20000025; };
		A10000026 /* SettingsView.swift in Sources */ = {isa = PBXBuildFile; fileRef = A20000026; };
		A10000027 /* YearProjectionView.swift in Sources */ = {isa = PBXBuildFile; fileRef = A20000027; };
/* End PBXBuildFile section */

/* Begin PBXFileReference section */
		A30000001 /* TrueCostAuto.app */ = {isa = PBXFileReference; explicitFileType = wrapper.application; includeInIndex = 0; path = TrueCostAuto.app; sourceTree = BUILT_PRODUCTS_DIR; };
		A20000001 /* TrueCostAutoApp.swift */ = {isa = PBXFileReference; lastKnownFileType = sourcecode.swift; path = TrueCostAutoApp.swift; sourceTree = "<group>"; };
		A20000002 /* ContentView.swift */ = {isa = PBXFileReference; lastKnownFileType = sourcecode.swift; path = ContentView.swift; sourceTree = "<group>"; };
		A20000003 /* Assets.xcassets */ = {isa = PBXFileReference; lastKnownFileType = folder.assetcatalog; path = Assets.xcassets; sourceTree = "<group>"; };
		A20000004 /* Vehicle.swift */ = {isa = PBXFileReference; lastKnownFileType = sourcecode.swift; path = Vehicle.swift; sourceTree = "<group>"; };
		A20000005 /* CalculationResult.swift */ = {isa = PBXFileReference; lastKnownFileType = sourcecode.swift; path = CalculationResult.swift; sourceTree = "<group>"; };
		A20000006 /* CostCalculator.swift */ = {isa = PBXFileReference; lastKnownFileType = sourcecode.swift; path = CostCalculator.swift; sourceTree = "<group>"; };
		A20000007 /* VehicleStore.swift */ = {isa = PBXFileReference; lastKnownFileType = sourcecode.swift; path = VehicleStore.swift; sourceTree = "<group>"; };
		A20000008 /* VehicleInputView.swift */ = {isa = PBXFileReference; lastKnownFileType = sourcecode.swift; path = VehicleInputView.swift; sourceTree = "<group>"; };
		A20000009 /* PricingSection.swift */ = {isa = PBXFileReference; lastKnownFileType = sourcecode.swift; path = PricingSection.swift; sourceTree = "<group>"; };
		A20000010 /* LoanSection.swift */ = {isa = PBXFileReference; lastKnownFileType = sourcecode.swift; path = LoanSection.swift; sourceTree = "<group>"; };
		A20000011 /* RunningCostsSection.swift */ = {isa = PBXFileReference; lastKnownFileType = sourcecode.swift; path = RunningCostsSection.swift; sourceTree = "<group>"; };
		A20000012 /* ResultsView.swift */ = {isa = PBXFileReference; lastKnownFileType = sourcecode.swift; path = ResultsView.swift; sourceTree = "<group>"; };
		A20000013 /* TrueCostHeroCard.swift */ = {isa = PBXFileReference; lastKnownFileType = sourcecode.swift; path = TrueCostHeroCard.swift; sourceTree = "<group>"; };
		A20000014 /* BreakdownTile.swift */ = {isa = PBXFileReference; lastKnownFileType = sourcecode.swift; path = BreakdownTile.swift; sourceTree = "<group>"; };
		A20000015 /* CompareView.swift */ = {isa = PBXFileReference; lastKnownFileType = sourcecode.swift; path = CompareView.swift; sourceTree = "<group>"; };
		A20000016 /* VehicleViewModel.swift */ = {isa = PBXFileReference; lastKnownFileType = sourcecode.swift; path = VehicleViewModel.swift; sourceTree = "<group>"; };
		A20000017 /* CurrencyField.swift */ = {isa = PBXFileReference; lastKnownFileType = sourcecode.swift; path = CurrencyField.swift; sourceTree = "<group>"; };
		A20000018 /* Theme.swift */ = {isa = PBXFileReference; lastKnownFileType = sourcecode.swift; path = Theme.swift; sourceTree = "<group>"; };
		A20000019 /* SavedVehiclesView.swift */ = {isa = PBXFileReference; lastKnownFileType = sourcecode.swift; path = SavedVehiclesView.swift; sourceTree = "<group>"; };
		A20000020 /* ShareCardView.swift */ = {isa = PBXFileReference; lastKnownFileType = sourcecode.swift; path = ShareCardView.swift; sourceTree = "<group>"; };
		A20000021 /* SmartScoreView.swift */ = {isa = PBXFileReference; lastKnownFileType = sourcecode.swift; path = SmartScoreView.swift; sourceTree = "<group>"; };
		A20000022 /* ExtraPaymentView.swift */ = {isa = PBXFileReference; lastKnownFileType = sourcecode.swift; path = ExtraPaymentView.swift; sourceTree = "<group>"; };
		A20000023 /* OnboardingView.swift */ = {isa = PBXFileReference; lastKnownFileType = sourcecode.swift; path = OnboardingView.swift; sourceTree = "<group>"; };
		A20000024 /* AppLogo.swift */ = {isa = PBXFileReference; lastKnownFileType = sourcecode.swift; path = AppLogo.swift; sourceTree = "<group>"; };
		A20000025 /* PrivacyInfo.xcprivacy */ = {isa = PBXFileReference; lastKnownFileType = text.xml; path = PrivacyInfo.xcprivacy; sourceTree = "<group>"; };
		A20000026 /* SettingsView.swift */ = {isa = PBXFileReference; lastKnownFileType = sourcecode.swift; path = SettingsView.swift; sourceTree = "<group>"; };
		A20000027 /* YearProjectionView.swift */ = {isa = PBXFileReference; lastKnownFileType = sourcecode.swift; path = YearProjectionView.swift; sourceTree = "<group>"; };
/* End PBXFileReference section */

/* Begin PBXFrameworksBuildPhase section */
		A40000001 /* Frameworks */ = {
			isa = PBXFrameworksBuildPhase;
			buildActionMask = 2147483647;
			files = (
			);
			runOnlyForDeploymentPostprocessing = 0;
		};
/* End PBXFrameworksBuildPhase section */

/* Begin PBXGroup section */
		A50000001 = {
			isa = PBXGroup;
			children = (
				A50000002 /* TrueCostAuto */,
				A50000009 /* Products */,
			);
			sourceTree = "<group>";
		};
		A50000002 /* TrueCostAuto */ = {
			isa = PBXGroup;
			children = (
				A20000001 /* TrueCostAutoApp.swift */,
				A20000002 /* ContentView.swift */,
				A50000003 /* Models */,
				A50000004 /* Views */,
				A50000007 /* ViewModels */,
				A50000008 /* Services */,
				A50000010 /* Extensions */,
				A20000003 /* Assets.xcassets */,
				A20000025 /* PrivacyInfo.xcprivacy */,
			);
			path = TrueCostAuto;
			sourceTree = "<group>";
		};
		A50000003 /* Models */ = {
			isa = PBXGroup;
			children = (
				A20000004 /* Vehicle.swift */,
				A20000005 /* CalculationResult.swift */,
			);
			path = Models;
			sourceTree = "<group>";
		};
		A50000004 /* Views */ = {
			isa = PBXGroup;
			children = (
				A50000005 /* Input */,
				A50000006 /* Results */,
				A50000011 /* Components */,
				A20000023 /* OnboardingView.swift */,
			);
			path = Views;
			sourceTree = "<group>";
		};
		A50000005 /* Input */ = {
			isa = PBXGroup;
			children = (
				A20000008 /* VehicleInputView.swift */,
				A20000009 /* PricingSection.swift */,
				A20000010 /* LoanSection.swift */,
				A20000011 /* RunningCostsSection.swift */,
			);
			path = Input;
			sourceTree = "<group>";
		};
		A50000006 /* Results */ = {
			isa = PBXGroup;
			children = (
				A20000012 /* ResultsView.swift */,
				A20000013 /* TrueCostHeroCard.swift */,
				A20000014 /* BreakdownTile.swift */,
				A20000015 /* CompareView.swift */,
				A20000019 /* SavedVehiclesView.swift */,
				A20000020 /* ShareCardView.swift */,
				A20000021 /* SmartScoreView.swift */,
				A20000022 /* ExtraPaymentView.swift */,
				A20000026 /* SettingsView.swift */,
				A20000027 /* YearProjectionView.swift */,
			);
			path = Results;
			sourceTree = "<group>";
		};
		A50000007 /* ViewModels */ = {
			isa = PBXGroup;
			children = (
				A20000016 /* VehicleViewModel.swift */,
			);
			path = ViewModels;
			sourceTree = "<group>";
		};
		A50000008 /* Services */ = {
			isa = PBXGroup;
			children = (
				A20000006 /* CostCalculator.swift */,
				A20000007 /* VehicleStore.swift */,
			);
			path = Services;
			sourceTree = "<group>";
		};
		A50000009 /* Products */ = {
			isa = PBXGroup;
			children = (
				A30000001 /* TrueCostAuto.app */,
			);
			name = Products;
			sourceTree = "<group>";
		};
		A50000010 /* Extensions */ = {
			isa = PBXGroup;
			children = (
				A20000018 /* Theme.swift */,
			);
			path = Extensions;
			sourceTree = "<group>";
		};
		A50000011 /* Components */ = {
			isa = PBXGroup;
			children = (
				A20000017 /* CurrencyField.swift */,
				A20000024 /* AppLogo.swift */,
			);
			path = Components;
			sourceTree = "<group>";
		};
/* End PBXGroup section */

/* Begin PBXNativeTarget section */
		A60000001 /* TrueCostAuto */ = {
			isa = PBXNativeTarget;
			buildConfigurationList = A80000003 /* Build configuration list for PBXNativeTarget "TrueCostAuto" */;
			buildPhases = (
				A70000001 /* Sources */,
				A40000001 /* Frameworks */,
				A70000002 /* Resources */,
			);
			buildRules = (
			);
			dependencies = (
			);
			name = TrueCostAuto;
			productName = TrueCostAuto;
			productReference = A30000001 /* TrueCostAuto.app */;
			productType = "com.apple.product-type.application";
		};
/* End PBXNativeTarget section */

/* Begin PBXProject section */
		A90000001 /* Project object */ = {
			isa = PBXProject;
			attributes = {
				BuildIndependentTargetsInParallel = 1;
				LastSwiftUpdateCheck = 1500;
				LastUpgradeCheck = 1500;
				TargetAttributes = {
					A60000001 = {
						CreatedOnToolsVersion = 15.0;
					};
				};
			};
			buildConfigurationList = A80000001 /* Build configuration list for PBXProject "TrueCostAuto" */;
			compatibilityVersion = "Xcode 14.0";
			developmentRegion = en;
			hasScannedForEncodings = 0;
			knownRegions = (
				en,
				Base,
			);
			mainGroup = A50000001;
			productRefGroup = A50000009 /* Products */;
			projectDirPath = "";
			projectRoot = "";
			targets = (
				A60000001 /* TrueCostAuto */,
			);
		};
/* End PBXProject section */

/* Begin PBXResourcesBuildPhase section */
		A70000002 /* Resources */ = {
			isa = PBXResourcesBuildPhase;
			buildActionMask = 2147483647;
			files = (
				A10000003 /* Assets.xcassets in Resources */,
				A10000025 /* PrivacyInfo.xcprivacy in Resources */,
			);
			runOnlyForDeploymentPostprocessing = 0;
		};
/* End PBXResourcesBuildPhase section */

/* Begin PBXSourcesBuildPhase section */
		A70000001 /* Sources */ = {
			isa = PBXSourcesBuildPhase;
			buildActionMask = 2147483647;
			files = (
				A10000001 /* TrueCostAutoApp.swift in Sources */,
				A10000002 /* ContentView.swift in Sources */,
				A10000004 /* Vehicle.swift in Sources */,
				A10000005 /* CalculationResult.swift in Sources */,
				A10000006 /* CostCalculator.swift in Sources */,
				A10000007 /* VehicleStore.swift in Sources */,
				A10000008 /* VehicleInputView.swift in Sources */,
				A10000009 /* PricingSection.swift in Sources */,
				A10000010 /* LoanSection.swift in Sources */,
				A10000011 /* RunningCostsSection.swift in Sources */,
				A10000012 /* ResultsView.swift in Sources */,
				A10000013 /* TrueCostHeroCard.swift in Sources */,
				A10000014 /* BreakdownTile.swift in Sources */,
				A10000015 /* CompareView.swift in Sources */,
				A10000016 /* VehicleViewModel.swift in Sources */,
				A10000017 /* CurrencyField.swift in Sources */,
				A10000018 /* Theme.swift in Sources */,
				A10000019 /* SavedVehiclesView.swift in Sources */,
				A10000020 /* ShareCardView.swift in Sources */,
				A10000021 /* SmartScoreView.swift in Sources */,
				A10000022 /* ExtraPaymentView.swift in Sources */,
				A10000023 /* OnboardingView.swift in Sources */,
				A10000024 /* AppLogo.swift in Sources */,
				A10000026 /* SettingsView.swift in Sources */,
				A10000027 /* YearProjectionView.swift in Sources */,
			);
			runOnlyForDeploymentPostprocessing = 0;
		};
/* End PBXSourcesBuildPhase section */

/* Begin XCBuildConfiguration section */
		A80000011 /* Debug */ = {
			isa = XCBuildConfiguration;
			buildSettings = {
				ALWAYS_SEARCH_USER_PATHS = NO;
				ASSETCATALOG_COMPILER_GENERATE_SWIFT_ASSET_SYMBOL_EXTENSIONS = YES;
				CLANG_ANALYZER_NONNULL = YES;
				CLANG_ANALYZER_NUMBER_OBJECT_CONVERSION = YES_AGGRESSIVE;
				CLANG_CXX_LANGUAGE_STANDARD = "gnu++20";
				CLANG_ENABLE_MODULES = YES;
				CLANG_ENABLE_OBJC_ARC = YES;
				CLANG_ENABLE_OBJC_WEAK = YES;
				CLANG_WARN_BLOCK_CAPTURE_AUTORELEASING = YES;
				CLANG_WARN_BOOL_CONVERSION = YES;
				CLANG_WARN_COMMA = YES;
				CLANG_WARN_CONSTANT_CONVERSION = YES;
				CLANG_WARN_DEPRECATED_OBJC_IMPLEMENTATIONS = YES;
				CLANG_WARN_DIRECT_OBJC_ISA_USAGE = YES_ERROR;
				CLANG_WARN_DOCUMENTATION_COMMENTS = YES;
				CLANG_WARN_EMPTY_BODY = YES;
				CLANG_WARN_ENUM_CONVERSION = YES;
				CLANG_WARN_INFINITE_RECURSION = YES;
				CLANG_WARN_INT_CONVERSION = YES;
				CLANG_WARN_NON_LITERAL_NULL_CONVERSION = YES;
				CLANG_WARN_OBJC_IMPLICIT_RETAIN_SELF = YES;
				CLANG_WARN_OBJC_LITERAL_CONVERSION = YES;
				CLANG_WARN_OBJC_ROOT_CLASS = YES_ERROR;
				CLANG_WARN_QUOTED_INCLUDE_IN_FRAMEWORK_HEADER = YES;
				CLANG_WARN_RANGE_LOOP_ANALYSIS = YES;
				CLANG_WARN_STRICT_PROTOTYPES = YES;
				CLANG_WARN_SUSPICIOUS_MOVE = YES;
				CLANG_WARN_UNGUARDED_AVAILABILITY = YES_AGGRESSIVE;
				CLANG_WARN_UNREACHABLE_CODE = YES;
				CLANG_WARN__DUPLICATE_METHOD_MATCH = YES;
				COPY_PHASE_STRIP = NO;
				DEBUG_INFORMATION_FORMAT = dwarf;
				ENABLE_STRICT_OBJC_MSGSEND = YES;
				ENABLE_TESTABILITY = YES;
				ENABLE_USER_SCRIPT_SANDBOXING = YES;
				GCC_C_LANGUAGE_STANDARD = gnu17;
				GCC_DYNAMIC_NO_PIC = NO;
				GCC_NO_COMMON_BLOCKS = YES;
				GCC_OPTIMIZATION_LEVEL = 0;
				GCC_PREPROCESSOR_DEFINITIONS = (
					"DEBUG=1",
					"$(inherited)",
				);
				GCC_WARN_64_TO_32_BIT_CONVERSION = YES;
				GCC_WARN_ABOUT_RETURN_TYPE = YES_ERROR;
				GCC_WARN_UNDECLARED_SELECTOR = YES;
				GCC_WARN_UNINITIALIZED_AUTOS = YES_AGGRESSIVE;
				GCC_WARN_UNUSED_FUNCTION = YES;
				GCC_WARN_UNUSED_VARIABLE = YES;
				IPHONEOS_DEPLOYMENT_TARGET = 17.0;
				LOCALIZATION_PREFERS_STRING_CATALOGS = YES;
				MTL_ENABLE_DEBUG_INFO = INCLUDE_SOURCE;
				MTL_FAST_MATH = YES;
				ONLY_ACTIVE_ARCH = YES;
				SDKROOT = iphoneos;
				SWIFT_ACTIVE_COMPILATION_CONDITIONS = "DEBUG $(inherited)";
				SWIFT_OPTIMIZATION_LEVEL = "-Onone";
			};
			name = Debug;
		};
		A80000012 /* Release */ = {
			isa = XCBuildConfiguration;
			buildSettings = {
				ALWAYS_SEARCH_USER_PATHS = NO;
				ASSETCATALOG_COMPILER_GENERATE_SWIFT_ASSET_SYMBOL_EXTENSIONS = YES;
				CLANG_ANALYZER_NONNULL = YES;
				CLANG_ANALYZER_NUMBER_OBJECT_CONVERSION = YES_AGGRESSIVE;
				CLANG_CXX_LANGUAGE_STANDARD = "gnu++20";
				CLANG_ENABLE_MODULES = YES;
				CLANG_ENABLE_OBJC_ARC = YES;
				CLANG_ENABLE_OBJC_WEAK = YES;
				CLANG_WARN_BLOCK_CAPTURE_AUTORELEASING = YES;
				CLANG_WARN_BOOL_CONVERSION = YES;
				CLANG_WARN_COMMA = YES;
				CLANG_WARN_CONSTANT_CONVERSION = YES;
				CLANG_WARN_DEPRECATED_OBJC_IMPLEMENTATIONS = YES;
				CLANG_WARN_DIRECT_OBJC_ISA_USAGE = YES_ERROR;
				CLANG_WARN_DOCUMENTATION_COMMENTS = YES;
				CLANG_WARN_EMPTY_BODY = YES;
				CLANG_WARN_ENUM_CONVERSION = YES;
				CLANG_WARN_INFINITE_RECURSION = YES;
				CLANG_WARN_INT_CONVERSION = YES;
				CLANG_WARN_NON_LITERAL_NULL_CONVERSION = YES;
				CLANG_WARN_OBJC_IMPLICIT_RETAIN_SELF = YES;
				CLANG_WARN_OBJC_LITERAL_CONVERSION = YES;
				CLANG_WARN_OBJC_ROOT_CLASS = YES_ERROR;
				CLANG_WARN_QUOTED_INCLUDE_IN_FRAMEWORK_HEADER = YES;
				CLANG_WARN_RANGE_LOOP_ANALYSIS = YES;
				CLANG_WARN_STRICT_PROTOTYPES = YES;
				CLANG_WARN_SUSPICIOUS_MOVE = YES;
				CLANG_WARN_UNGUARDED_AVAILABILITY = YES_AGGRESSIVE;
				CLANG_WARN_UNREACHABLE_CODE = YES;
				CLANG_WARN__DUPLICATE_METHOD_MATCH = YES;
				COPY_PHASE_STRIP = NO;
				DEBUG_INFORMATION_FORMAT = "dwarf-with-dsym";
				ENABLE_NS_ASSERTIONS = NO;
				ENABLE_STRICT_OBJC_MSGSEND = YES;
				ENABLE_USER_SCRIPT_SANDBOXING = YES;
				GCC_C_LANGUAGE_STANDARD = gnu17;
				GCC_NO_COMMON_BLOCKS = YES;
				GCC_WARN_64_TO_32_BIT_CONVERSION = YES;
				GCC_WARN_ABOUT_RETURN_TYPE = YES_ERROR;
				GCC_WARN_UNDECLARED_SELECTOR = YES;
				GCC_WARN_UNINITIALIZED_AUTOS = YES_AGGRESSIVE;
				GCC_WARN_UNUSED_FUNCTION = YES;
				GCC_WARN_UNUSED_VARIABLE = YES;
				IPHONEOS_DEPLOYMENT_TARGET = 17.0;
				LOCALIZATION_PREFERS_STRING_CATALOGS = YES;
				MTL_ENABLE_DEBUG_INFO = NO;
				MTL_FAST_MATH = YES;
				SDKROOT = iphoneos;
				SWIFT_COMPILATION_MODE = wholemodule;
				VALIDATE_PRODUCT = YES;
			};
			name = Release;
		};
		A80000013 /* Debug */ = {
			isa = XCBuildConfiguration;
			buildSettings = {
				ASSETCATALOG_COMPILER_APPICON_NAME = AppIcon;
				ASSETCATALOG_COMPILER_GLOBAL_ACCENT_COLOR_NAME = AccentColor;
				CODE_SIGN_STYLE = Automatic;
				CURRENT_PROJECT_VERSION = 1;
				DEVELOPMENT_ASSET_PATHS = "\"TrueCostAuto/Preview Content\"";
				ENABLE_PREVIEWS = YES;
				GENERATE_INFOPLIST_FILE = YES;
				INFOPLIST_FILE = TrueCostAuto/Info.plist;
				INFOPLIST_KEY_CFBundleDisplayName = "TrueCost Auto";
				INFOPLIST_KEY_LSApplicationCategoryType = "public.app-category.finance";
				INFOPLIST_KEY_UIApplicationSceneManifest_Generation = YES;
				INFOPLIST_KEY_UIApplicationSupportsIndirectInputEvents = YES;
				INFOPLIST_KEY_UILaunchScreen_Generation = YES;
				INFOPLIST_KEY_UISupportedInterfaceOrientations_iPad = "UIInterfaceOrientationPortrait UIInterfaceOrientationPortraitUpsideDown UIInterfaceOrientationLandscapeLeft UIInterfaceOrientationLandscapeRight";
				INFOPLIST_KEY_UISupportedInterfaceOrientations_iPhone = "UIInterfaceOrientationPortrait UIInterfaceOrientationLandscapeLeft UIInterfaceOrientationLandscapeRight";
				LD_RUNPATH_SEARCH_PATHS = (
					"$(inherited)",
					"@executable_path/Frameworks",
				);
				MARKETING_VERSION = 1.0.0;
				PRODUCT_BUNDLE_IDENTIFIER = com.truecost.auto;
				PRODUCT_NAME = "$(TARGET_NAME)";
				SUPPORTED_PLATFORMS = "iphoneos iphonesimulator";
				SUPPORTS_MACCATALYST = YES;
				SWIFT_EMIT_LOC_STRINGS = YES;
				SWIFT_VERSION = 5.0;
				TARGETED_DEVICE_FAMILY = "1,2";
			};
			name = Debug;
		};
		A80000014 /* Release */ = {
			isa = XCBuildConfiguration;
			buildSettings = {
				ASSETCATALOG_COMPILER_APPICON_NAME = AppIcon;
				ASSETCATALOG_COMPILER_GLOBAL_ACCENT_COLOR_NAME = AccentColor;
				CODE_SIGN_STYLE = Automatic;
				CURRENT_PROJECT_VERSION = 1;
				DEVELOPMENT_ASSET_PATHS = "\"TrueCostAuto/Preview Content\"";
				ENABLE_PREVIEWS = YES;
				GENERATE_INFOPLIST_FILE = YES;
				INFOPLIST_FILE = TrueCostAuto/Info.plist;
				INFOPLIST_KEY_CFBundleDisplayName = "TrueCost Auto";
				INFOPLIST_KEY_LSApplicationCategoryType = "public.app-category.finance";
				INFOPLIST_KEY_UIApplicationSceneManifest_Generation = YES;
				INFOPLIST_KEY_UIApplicationSupportsIndirectInputEvents = YES;
				INFOPLIST_KEY_UILaunchScreen_Generation = YES;
				INFOPLIST_KEY_UISupportedInterfaceOrientations_iPad = "UIInterfaceOrientationPortrait UIInterfaceOrientationPortraitUpsideDown UIInterfaceOrientationLandscapeLeft UIInterfaceOrientationLandscapeRight";
				INFOPLIST_KEY_UISupportedInterfaceOrientations_iPhone = "UIInterfaceOrientationPortrait UIInterfaceOrientationLandscapeLeft UIInterfaceOrientationLandscapeRight";
				LD_RUNPATH_SEARCH_PATHS = (
					"$(inherited)",
					"@executable_path/Frameworks",
				);
				MARKETING_VERSION = 1.0.0;
				PRODUCT_BUNDLE_IDENTIFIER = com.truecost.auto;
				PRODUCT_NAME = "$(TARGET_NAME)";
				SUPPORTED_PLATFORMS = "iphoneos iphonesimulator";
				SUPPORTS_MACCATALYST = YES;
				SWIFT_EMIT_LOC_STRINGS = YES;
				SWIFT_VERSION = 5.0;
				TARGETED_DEVICE_FAMILY = "1,2";
			};
			name = Release;
		};
/* End XCBuildConfiguration section */

/* Begin XCConfigurationList section */
		A80000001 /* Build configuration list for PBXProject "TrueCostAuto" */ = {
			isa = XCConfigurationList;
			buildConfigurations = (
				A80000011 /* Debug */,
				A80000012 /* Release */,
			);
			defaultConfigurationIsVisible = 0;
			defaultConfigurationName = Release;
		};
		A80000003 /* Build configuration list for PBXNativeTarget "TrueCostAuto" */ = {
			isa = XCConfigurationList;
			buildConfigurations = (
				A80000013 /* Debug */,
				A80000014 /* Release */,
			);
			defaultConfigurationIsVisible = 0;
			defaultConfigurationName = Release;
		};
/* End XCConfigurationList section */

	};
	rootObject = A90000001 /* Project object */;
}
